Microsoft Visual Studio Solution File, Format Version 12.00
# Visual Studio Version 18
VisualStudioVersion = 18.1.11304.174
MinimumVisualStudioVersion = 10.0.40219.1
Project("{FAE04EC0-301F-11D3-BF4B-00C04F79EFBC}") = "SportsTickerDemo", "NflTickerDemo\SportsTickerDemo.csproj", "{D1E4A7F0-2C61-4F51-9C1B-3B4D9B710001}"
EndProject
Global
	GlobalSection(SolutionConfigurationPlatforms) = preSolution
		Debug|Any CPU = Debug|Any CPU
		Release|Any CPU = Release|Any CPU
	EndGlobalSection
	GlobalSection(ProjectConfigurationPlatforms) = postSolution
		{D1E4A7F0-2C61-4F51-9C1B-3B4D9B710001}.Debug|Any CPU.ActiveCfg = Debug|Any CPU
		{D1E4A7F0-2C61-4F51-9C1B-3B4D9B710001}.Debug|Any CPU.Build.0 = Debug|Any CPU
		{D1E4A7F0-2C61-4F51-9C1B-3B4D9B710001}.Release|Any CPU.ActiveCfg = Release|Any CPU
		{D1E4A7F0-2C61-4F51-9C1B-3B4D9B710001}.Release|Any CPU.Build.0 = Release|Any CPU
	EndGlobalSection
	GlobalSection(SolutionProperties) = preSolution
		HideSolutionNode = FALSE
	EndGlobalSection
	GlobalSection(ExtensibilityGlobals) = postSolution
		SolutionGuid = {DE15EBCD-2819-4009-8FA4-E4DEB437336F}
	EndGlobalSection
EndGlobal
